// !$*UTF8*$!
{
	archiveVersion = 1;
	classes = {
	};
	objectVersion = 46;
	objects = {

/* Begin PBXBuildFile section */
		C792F8E51A5E5A3900F335B6 /* main.m in Sources */ = {isa = PBXBuildFile; fileRef = C792F8E41A5E5A3900F335B6 /* main.m */; };
		C792F8E81A5E5A3900F335B6 /* AppDelegate.m in Sources */ = {isa = PBXBuildFile; fileRef = C792F8E71A5E5A3900F335B6 /* AppDelegate.m */; };
		C792F8EB1A5E5A3900F335B6 /* ViewController.m in Sources */ = {isa = PBXBuildFile; fileRef = C792F8EA1A5E5A3900F335B6 /* ViewController.m */; };
		C792F8EE1A5E5A3900F335B6 /* Main.storyboard in Resources */ = {isa = PBXBuildFile; fileRef = C792F8EC1A5E5A3900F335B6 /* Main.storyboard */; };
		C792F8F01A5E5A3900F335B6 /* Images.xcassets in Resources */ = {isa = PBXBuildFile; fileRef = C792F8EF1A5E5A3900F335B6 /* Images.xcassets */; };
		C792F8F31A5E5A3900F335B6 /* LaunchScreen.xib in Resources */ = {isa = PBXBuildFile; fileRef = C792F8F11A5E5A3900F335B6 /* LaunchScreen.xib */; };
		C792F8FF1A5E5A3900F335B6 /* MiDianTests.m in Sources */ = {isa = PBXBuildFile; fileRef = C792F8FE1A5E5A3900F335B6 /* MiDianTests.m */; };
		C792F90F1A5E5EAD00F335B6 /* DPAPI.m in Sources */ = {isa = PBXBuildFile; fileRef = C792F90B1A5E5EAD00F335B6 /* DPAPI.m */; };
		C792F9101A5E5EAD00F335B6 /* DPRequest.m in Sources */ = {isa = PBXBuildFile; fileRef = C792F90E1A5E5EAD00F335B6 /* DPRequest.m */; };
		C792F9131A5E6F6200F335B6 /* HttpTool.m in Sources */ = {isa = PBXBuildFile; fileRef = C792F9121A5E6F6200F335B6 /* HttpTool.m */; };
/* End PBXBuildFile section */

/* Begin PBXContainerItemProxy section */
		C792F8F91A5E5A3900F335B6 /* PBXContainerItemProxy */ = {
			isa = PBXContainerItemProxy;
			containerPortal = C792F8D71A5E5A3800F335B6 /* Project object */;
			proxyType = 1;
			remoteGlobalIDString = C792F8DE1A5E5A3900F335B6;
			remoteInfo = MiDian;
		};
/* End PBXContainerItemProxy section */

/* Begin PBXFileReference section */
		C792F8DF1A5E5A3900F335B6 /* MiDian.app */ = {isa = PBXFileReference; explicitFileType = wrapper.application; includeInIndex = 0; path = MiDian.app; sourceTree = BUILT_PRODUCTS_DIR; };
		C792F8E31A5E5A3900F335B6 /* Info.plist */ = {isa = PBXFileReference; lastKnownFileType = text.plist.xml; path = Info.plist; sourceTree = "<group>"; };
		C792F8E41A5E5A3900F335B6 /* main.m */ = {isa = PBXFileReference; lastKnownFileType = sourcecode.c.objc; path = main.m; sourceTree = "<group>"; };
		C792F8E61A5E5A3900F335B6 /* AppDelegate.h */ = {isa = PBXFileReference; lastKnownFileType = sourcecode.c.h; path = AppDelegate.h; sourceTree = "<group>"; };
		C792F8E71A5E5A3900F335B6 /* AppDelegate.m */ = {isa = PBXFileReference; lastKnownFileType = sourcecode.c.objc; path = AppDelegate.m; sourceTree = "<group>"; };
		C792F8E91A5E5A3900F335B6 /* ViewController.h */ = {isa = PBXFileReference; lastKnownFileType = sourcecode.c.h; path = ViewController.h; sourceTree = "<group>"; };
		C792F8EA1A5E5A3900F335B6 /* ViewController.m */ = {isa = PBXFileReference; lastKnownFileType = sourcecode.c.objc; path = ViewController.m; sourceTree = "<group>"; };
		C792F8ED1A5E5A3900F335B6 /* Base */ = {isa = PBXFileReference; lastKnownFileType = file.storyboard; name = Base; path = Base.lproj/Main.storyboard; sourceTree = "<group>"; };
		C792F8EF1A5E5A3900F335B6 /* Images.xcassets */ = {isa = PBXFileReference; lastKnownFileType = folder.assetcatalog; path = Images.xcassets; sourceTree = "<group>"; };
		C792F8F21A5E5A3900F335B6 /* Base */ = {isa = PBXFileReference; lastKnownFileType = file.xib; name = Base; path = Base.lproj/LaunchScreen.xib; sourceTree = "<group>"; };
		C792F8F81A5E5A3900F335B6 /* MiDianTests.xctest */ = {isa = PBXFileReference; explicitFileType = wrapper.cfbundle; includeInIndex = 0; path = MiDianTests.xctest; sourceTree = BUILT_PRODUCTS_DIR; };
		C792F8FD1A5E5A3900F335B6 /* Info.plist */ = {isa = PBXFileReference; lastKnownFileType = text.plist.xml; path = Info.plist; sourceTree = "<group>"; };
		C792F8FE1A5E5A3900F335B6 /* MiDianTests.m */ = {isa = PBXFileReference; lastKnownFileType = sourcecode.c.objc; path = MiDianTests.m; sourceTree = "<group>"; };
		C792F90A1A5E5EAD00F335B6 /* DPAPI.h */ = {isa = PBXFileReference; fileEncoding = 4; lastKnownFileType = sourcecode.c.h; path = DPAPI.h; sourceTree = "<group>"; };
		C792F90B1A5E5EAD00F335B6 /* DPAPI.m */ = {isa = PBXFileReference; fileEncoding = 4; lastKnownFileType = sourcecode.c.objc; path = DPAPI.m; sourceTree = "<group>"; };
		C792F90C1A5E5EAD00F335B6 /* DPConstants.h */ = {isa = PBXFileReference; fileEncoding = 4; lastKnownFileType = sourcecode.c.h; path = DPConstants.h; sourceTree = "<group>"; };
		C792F90D1A5E5EAD00F335B6 /* DPRequest.h */ = {isa = PBXFileReference; fileEncoding = 4; lastKnownFileType = sourcecode.c.h; path = DPRequest.h; sourceTree = "<group>"; };
		C792F90E1A5E5EAD00F335B6 /* DPRequest.m */ = {isa = PBXFileReference; fileEncoding = 4; lastKnownFileType = sourcecode.c.objc; path = DPRequest.m; sourceTree = "<group>"; };
		C792F9111A5E6F6200F335B6 /* HttpTool.h */ = {isa = PBXFileReference; fileEncoding = 4; lastKnownFileType = sourcecode.c.h; path = HttpTool.h; sourceTree = "<group>"; };
		C792F9121A5E6F6200F335B6 /* HttpTool.m */ = {isa = PBXFileReference; fileEncoding = 4; lastKnownFileType = sourcecode.c.objc; path = HttpTool.m; sourceTree = "<group>"; };
		C792F9141A5E7A6300F335B6 /* SingletonTemplate.h */ = {isa = PBXFileReference; fileEncoding = 4; lastKnownFileType = sourcecode.c.h; path = SingletonTemplate.h; sourceTree = "<group>"; };
/* End PBXFileReference section */

/* Begin PBXFrameworksBuildPhase section */
		C792F8DC1A5E5A3900F335B6 /* Frameworks */ = {
			isa = PBXFrameworksBuildPhase;
			buildActionMask = 2147483647;
			files = (
			);
			runOnlyForDeploymentPostprocessing = 0;
		};
		C792F8F51A5E5A3900F335B6 /* Frameworks */ = {
			isa = PBXFrameworksBuildPhase;
			buildActionMask = 2147483647;
			files = (
			);
			runOnlyForDeploymentPostprocessing = 0;
		};
/* End PBXFrameworksBuildPhase section */

/* Begin PBXGroup section */
		C792F8D61A5E5A3800F335B6 = {
			isa = PBXGroup;
			children = (
				C792F8E11A5E5A3900F335B6 /* MiDian */,
				C792F8FB1A5E5A3900F335B6 /* MiDianTests */,
				C792F8E01A5E5A3900F335B6 /* Products */,
			);
			sourceTree = "<group>";
		};
		C792F8E01A5E5A3900F335B6 /* Products */ = {
			isa = PBXGroup;
			children = (
				C792F8DF1A5E5A3900F335B6 /* MiDian.app */,
				C792F8F81A5E5A3900F335B6 /* MiDianTests.xctest */,
			);
			name = Products;
			sourceTree = "<group>";
		};
		C792F8E11A5E5A3900F335B6 /* MiDian */ = {
			isa = PBXGroup;
			children = (
				C792F9081A5E5E9100F335B6 /* Lib */,
				C792F8E61A5E5A3900F335B6 /* AppDelegate.h */,
				C792F8E71A5E5A3900F335B6 /* AppDelegate.m */,
				C792F8E91A5E5A3900F335B6 /* ViewController.h */,
				C792F8EA1A5E5A3900F335B6 /* ViewController.m */,
				C792F8EC1A5E5A3900F335B6 /* Main.storyboard */,
				C792F8EF1A5E5A3900F335B6 /* Images.xcassets */,
				C792F8F11A5E5A3900F335B6 /* LaunchScreen.xib */,
				C792F8E21A5E5A3900F335B6 /* Supporting Files */,
				C792F9111A5E6F6200F335B6 /* HttpTool.h */,
				C792F9121A5E6F6200F335B6 /* HttpTool.m */,
			);
			path = MiDian;
			sourceTree = "<group>";
		};
		C792F8E21A5E5A3900F335B6 /* Supporting Files */ = {
			isa = PBXGroup;
			children = (
				C792F8E31A5E5A3900F335B6 /* Info.plist */,
				C792F8E41A5E5A3900F335B6 /* main.m */,
			);
			name = "Supporting Files";
			sourceTree = "<group>";
		};
		C792F8FB1A5E5A3900F335B6 /* MiDianTests */ = {
			isa = PBXGroup;
			children = (
				C792F8FE1A5E5A3900F335B6 /* MiDianTests.m */,
				C792F8FC1A5E5A3900F335B6 /* Supporting Files */,
			);
			path = MiDianTests;
			sourceTree = "<group>";
		};
		C792F8FC1A5E5A3900F335B6 /* Supporting Files */ = {
			isa = PBXGroup;
			children = (
				C792F8FD1A5E5A3900F335B6 /* Info.plist */,
			);
			name = "Supporting Files";
			sourceTree = "<group>";
		};
		C792F9081A5E5E9100F335B6 /* Lib */ = {
			isa = PBXGroup;
			children = (
				C792F9091A5E5EAD00F335B6 /* dianpingapi */,
				C792F9141A5E7A6300F335B6 /* SingletonTemplate.h */,
			);
			path = Lib;
			sourceTree = "<group>";
		};
		C792F9091A5E5EAD00F335B6 /* dianpingapi */ = {
			isa = PBXGroup;
			children = (
				C792F90A1A5E5EAD00F335B6 /* DPAPI.h */,
				C792F90B1A5E5EAD00F335B6 /* DPAPI.m */,
				C792F90C1A5E5EAD00F335B6 /* DPConstants.h */,
				C792F90D1A5E5EAD00F335B6 /* DPRequest.h */,
				C792F90E1A5E5EAD00F335B6 /* DPRequest.m */,
			);
			path = dianpingapi;
			sourceTree = "<group>";
		};
/* End PBXGroup section */

/* Begin PBXNativeTarget section */
		C792F8DE1A5E5A3900F335B6 /* MiDian */ = {
			isa = PBXNativeTarget;
			buildConfigurationList = C792F9021A5E5A3900F335B6 /* Build configuration list for PBXNativeTarget "MiDian" */;
			buildPhases = (
				C792F8DB1A5E5A3900F335B6 /* Sources */,
				C792F8DC1A5E5A3900F335B6 /* Frameworks */,
				C792F8DD1A5E5A3900F335B6 /* Resources */,
			);
			buildRules = (
			);
			dependencies = (
			);
			name = MiDian;
			productName = MiDian;
			productReference = C792F8DF1A5E5A3900F335B6 /* MiDian.app */;
			productType = "com.apple.product-type.application";
		};
		C792F8F71A5E5A3900F335B6 /* MiDianTests */ = {
			isa = PBXNativeTarget;
			buildConfigurationList = C792F9051A5E5A3900F335B6 /* Build configuration list for PBXNativeTarget "MiDianTests" */;
			buildPhases = (
				C792F8F41A5E5A3900F335B6 /* Sources */,
				C792F8F51A5E5A3900F335B6 /* Frameworks */,
				C792F8F61A5E5A3900F335B6 /* Resources */,
			);
			buildRules = (
			);
			dependencies = (
				C792F8FA1A5E5A3900F335B6 /* PBXTargetDependency */,
			);
			name = MiDianTests;
			productName = MiDianTests;
			productReference = C792F8F81A5E5A3900F335B6 /* MiDianTests.xctest */;
			productType = "com.apple.product-type.bundle.unit-test";
		};
/* End PBXNativeTarget section */

/* Begin PBXProject section */
		C792F8D71A5E5A3800F335B6 /* Project object */ = {
			isa = PBXProject;
			attributes = {
				LastUpgradeCheck = 0610;
				ORGANIZATIONNAME = "MI-31";
				TargetAttributes = {
					C792F8DE1A5E5A3900F335B6 = {
						CreatedOnToolsVersion = 6.1.1;
					};
					C792F8F71A5E5A3900F335B6 = {
						CreatedOnToolsVersion = 6.1.1;
						TestTargetID = C792F8DE1A5E5A3900F335B6;
					};
				};
			};
			buildConfigurationList = C792F8DA1A5E5A3800F335B6 /* Build configuration list for PBXProject "MiDian" */;
			compatibilityVersion = "Xcode 3.2";
			developmentRegion = English;
			hasScannedForEncodings = 0;
			knownRegions = (
				en,
				Base,
			);
			mainGroup = C792F8D61A5E5A3800F335B6;
			productRefGroup = C792F8E01A5E5A3900F335B6 /* Products */;
			projectDirPath = "";
			projectRoot = "";
			targets = (
				C792F8DE1A5E5A3900F335B6 /* MiDian */,
				C792F8F71A5E5A3900F335B6 /* MiDianTests */,
			);
		};
/* End PBXProject section */

/* Begin PBXResourcesBuildPhase section */
		C792F8DD1A5E5A3900F335B6 /* Resources */ = {
			isa = PBXResourcesBuildPhase;
			buildActionMask = 2147483647;
			files = (
				C792F8EE1A5E5A3900F335B6 /* Main.storyboard in Resources */,
				C792F8F31A5E5A3900F335B6 /* LaunchScreen.xib in Resources */,
				C792F8F01A5E5A3900F335B6 /* Images.xcassets in Resources */,
			);
			runOnlyForDeploymentPostprocessing = 0;
		};
		C792F8F61A5E5A3900F335B6 /* Resources */ = {
			isa = PBXResourcesBuildPhase;
			buildActionMask = 2147483647;
			files = (
			);
			runOnlyForDeploymentPostprocessing = 0;
		};
/* End PBXResourcesBuildPhase section */

/* Begin PBXSourcesBuildPhase section */
		C792F8DB1A5E5A3900F335B6 /* Sources */ = {
			isa = PBXSourcesBuildPhase;
			buildActionMask = 2147483647;
			files = (
				C792F9101A5E5EAD00F335B6 /* DPRequest.m in Sources */,
				C792F90F1A5E5EAD00F335B6 /* DPAPI.m in Sources */,
				C792F8EB1A5E5A3900F335B6 /* ViewController.m in Sources */,
				C792F8E81A5E5A3900F335B6 /* AppDelegate.m in Sources */,
				C792F8E51A5E5A3900F335B6 /* main.m in Sources */,
				C792F9131A5E6F6200F335B6 /* HttpTool.m in Sources */,
			);
			runOnlyForDeploymentPostprocessing = 0;
		};
		C792F8F41A5E5A3900F335B6 /* Sources */ = {
			isa = PBXSourcesBuildPhase;
			buildActionMask = 2147483647;
			files = (
				C792F8FF1A5E5A3900F335B6 /* MiDianTests.m in Sources */,
			);
			runOnlyForDeploymentPostprocessing = 0;
		};
/* End PBXSourcesBuildPhase section */

/* Begin PBXTargetDependency section */
		C792F8FA1A5E5A3900F335B6 /* PBXTargetDependency */ = {
			isa = PBXTargetDependency;
			target = C792F8DE1A5E5A3900F335B6 /* MiDian */;
			targetProxy = C792F8F91A5E5A3900F335B6 /* PBXContainerItemProxy */;
		};
/* End PBXTargetDependency section */

/* Begin PBXVariantGroup section */
		C792F8EC1A5E5A3900F335B6 /* Main.storyboard */ = {
			isa = PBXVariantGroup;
			children = (
				C792F8ED1A5E5A3900F335B6 /* Base */,
			);
			name = Main.storyboard;
			sourceTree = "<group>";
		};
		C792F8F11A5E5A3900F335B6 /* LaunchScreen.xib */ = {
			isa = PBXVariantGroup;
			children = (
				C792F8F21A5E5A3900F335B6 /* Base */,
			);
			name = LaunchScreen.xib;
			sourceTree = "<group>";
		};
/* End PBXVariantGroup section */

/* Begin XCBuildConfiguration section */
		C792F9001A5E5A3900F335B6 /* Debug */ = {
			isa = XCBuildConfiguration;
			buildSettings = {
				ALWAYS_SEARCH_USER_PATHS = NO;
				CLANG_CXX_LANGUAGE_STANDARD = "gnu++0x";
				CLANG_CXX_LIBRARY = "libc++";
				CLANG_ENABLE_MODULES = YES;
				CLANG_ENABLE_OBJC_ARC = YES;
				CLANG_WARN_BOOL_CONVERSION = YES;
				CLANG_WARN_CONSTANT_CONVERSION = YES;
				CLANG_WARN_DIRECT_OBJC_ISA_USAGE = YES_ERROR;
				CLANG_WARN_EMPTY_BODY = YES;
				CLANG_WARN_ENUM_CONVERSION = YES;
				CLANG_WARN_INT_CONVERSION = YES;
				CLANG_WARN_OBJC_ROOT_CLASS = YES_ERROR;
				CLANG_WARN_UNREACHABLE_CODE = YES;
				CLANG_WARN__DUPLICATE_METHOD_MATCH = YES;
				"CODE_SIGN_IDENTITY[sdk=iphoneos*]" = "iPhone Developer";
				COPY_PHASE_STRIP = NO;
				ENABLE_STRICT_OBJC_MSGSEND = YES;
				GCC_C_LANGUAGE_STANDARD = gnu99;
				GCC_DYNAMIC_NO_PIC = NO;
				GCC_OPTIMIZATION_LEVEL = 0;
				GCC_PREPROCESSOR_DEFINITIONS = (
					"DEBUG=1",
					"$(inherited)",
				);
				GCC_SYMBOLS_PRIVATE_EXTERN = NO;
				GCC_WARN_64_TO_32_BIT_CONVERSION = YES;
				GCC_WARN_ABOUT_RETURN_TYPE = YES_ERROR;
				GCC_WARN_UNDECLARED_SELECTOR = YES;
				GCC_WARN_UNINITIALIZED_AUTOS = YES_AGGRESSIVE;
				GCC_WARN_UNUSED_FUNCTION = YES;
				GCC_WARN_UNUSED_VARIABLE = YES;
				IPHONEOS_DEPLOYMENT_TARGET = 8.1;
				MTL_ENABLE_DEBUG_INFO = YES;
				ONLY_ACTIVE_ARCH = YES;
				SDKROOT = iphoneos;
				TARGETED_DEVICE_FAMILY = 2;
			};
			name = Debug;
		};
		C792F9011A5E5A3900F335B6 /* Release */ = {
			isa = XCBuildConfiguration;
			buildSettings = {
				ALWAYS_SEARCH_USER_PATHS = NO;
				CLANG_CXX_LANGUAGE_STANDARD = "gnu++0x";
				CLANG_CXX_LIBRARY = "libc++";
				CLANG_ENABLE_MODULES = YES;
				CLANG_ENABLE_OBJC_ARC = YES;
				CLANG_WARN_BOOL_CONVERSION = YES;
				CLANG_WARN_CONSTANT_CONVERSION = YES;
				CLANG_WARN_DIRECT_OBJC_ISA_USAGE = YES_ERROR;
				CLANG_WARN_EMPTY_BODY = YES;
				CLANG_WARN_ENUM_CONVERSION = YES;
				CLANG_WARN_INT_CONVERSION = YES;
				CLANG_WARN_OBJC_ROOT_CLASS = YES_ERROR;
				CLANG_WARN_UNREACHABLE_CODE = YES;
				CLANG_WARN__DUPLICATE_METHOD_MATCH = YES;
				"CODE_SIGN_IDENTITY[sdk=iphoneos*]" = "iPhone Developer";
				COPY_PHASE_STRIP = YES;
				ENABLE_NS_ASSERTIONS = NO;
				ENABLE_STRICT_OBJC_MSGSEND = YES;
				GCC_C_LANGUAGE_STANDARD = gnu99;
				GCC_WARN_64_TO_32_BIT_CONVERSION = YES;
				GCC_WARN_ABOUT_RETURN_TYPE = YES_ERROR;
				GCC_WARN_UNDECLARED_SELECTOR = YES;
				GCC_WARN_UNINITIALIZED_AUTOS = YES_AGGRESSIVE;
				GCC_WARN_UNUSED_FUNCTION = YES;
				GCC_WARN_UNUSED_VARIABLE = YES;
				IPHONEOS_DEPLOYMENT_TARGET = 8.1;
				MTL_ENABLE_DEBUG_INFO = NO;
				SDKROOT = iphoneos;
				TARGETED_DEVICE_FAMILY = 2;
				VALIDATE_PRODUCT = YES;
			};
			name = Release;
		};
		C792F9031A5E5A3900F335B6 /* Debug */ = {
			isa = XCBuildConfiguration;
			buildSettings = {
				ASSETCATALOG_COMPILER_APPICON_NAME = AppIcon;
				INFOPLIST_FILE = MiDian/Info.plist;
				LD_RUNPATH_SEARCH_PATHS = "$(inherited) @executable_path/Frameworks";
				PRODUCT_NAME = "$(TARGET_NAME)";
			};
			name = Debug;
		};
		C792F9041A5E5A3900F335B6 /* Release */ = {
			isa = XCBuildConfiguration;
			buildSettings = {
				ASSETCATALOG_COMPILER_APPICON_NAME = AppIcon;
				INFOPLIST_FILE = MiDian/Info.plist;
				LD_RUNPATH_SEARCH_PATHS = "$(inherited) @executable_path/Frameworks";
				PRODUCT_NAME = "$(TARGET_NAME)";
			};
			name = Release;
		};
		C792F9061A5E5A3900F335B6 /* Debug */ = {
			isa = XCBuildConfiguration;
			buildSettings = {
				BUNDLE_LOADER = "$(TEST_HOST)";
				FRAMEWORK_SEARCH_PATHS = (
					"$(SDKROOT)/Developer/Library/Frameworks",
					"$(inherited)",
				);
				GCC_PREPROCESSOR_DEFINITIONS = (
					"DEBUG=1",
					"$(inherited)",
				);
				INFOPLIST_FILE = MiDianTests/Info.plist;
				LD_RUNPATH_SEARCH_PATHS = "$(inherited) @executable_path/Frameworks @loader_path/Frameworks";
				PRODUCT_NAME = "$(TARGET_NAME)";
				TEST_HOST = "$(BUILT_PRODUCTS_DIR)/MiDian.app/MiDian";
			};
			name = Debug;
		};
		C792F9071A5E5A3900F335B6 /* Release */ = {
			isa = XCBuildConfiguration;
			buildSettings = {
				BUNDLE_LOADER = "$(TEST_HOST)";
				FRAMEWORK_SEARCH_PATHS = (
					"$(SDKROOT)/Developer/Library/Frameworks",
					"$(inherited)",
				);
				INFOPLIST_FILE = MiDianTests/Info.plist;
				LD_RUNPATH_SEARCH_PATHS = "$(inherited) @executable_path/Frameworks @loader_path/Frameworks";
				PRODUCT_NAME = "$(TARGET_NAME)";
				TEST_HOST = "$(BUILT_PRODUCTS_DIR)/MiDian.app/MiDian";
			};
			name = Release;
		};
/* End XCBuildConfiguration section */

/* Begin XCConfigurationList section */
		C792F8DA1A5E5A3800F335B6 /* Build configuration list for PBXProject "MiDian" */ = {
			isa = XCConfigurationList;
			buildConfigurations = (
				C792F9001A5E5A3900F335B6 /* Debug */,
				C792F9011A5E5A3900F335B6 /* Release */,
			);
			defaultConfigurationIsVisible = 0;
			defaultConfigurationName = Release;
		};
		C792F9021A5E5A3900F335B6 /* Build configuration list for PBXNativeTarget "MiDian" */ = {
			isa = XCConfigurationList;
			buildConfigurations = (
				C792F9031A5E5A3900F335B6 /* Debug */,
				C792F9041A5E5A3900F335B6 /* Release */,
			);
			defaultConfigurationIsVisible = 0;
		};
		C792F9051A5E5A3900F335B6 /* Build configuration list for PBXNativeTarget "MiDianTests" */ = {
			isa = XCConfigurationList;
			buildConfigurations = (
				C792F9061A5E5A3900F335B6 /* Debug */,
				C792F9071A5E5A3900F335B6 /* Release */,
			);
			defaultConfigurationIsVisible = 0;
		};
/* End XCConfigurationList section */
	};
	rootObject = C792F8D71A5E5A3800F335B6 /* Project object */;
}
